
Microsoft Visual Studio Solution File, Format Version 12.00
# Visual Studio Version 17
VisualStudioVersion = 17.4.33213.308
MinimumVisualStudioVersion = 10.0.40219.1
Project("{FAE04EC0-301F-11D3-BF4B-00C04F79EFBC}") = "IdeaManagement", "IdeaManagement\IdeaManagement.csproj", "{3CCA7D92-8C34-49F5-BE52-3A4A7487CE60}"
EndProject
Global
	GlobalSection(SolutionConfigurationPlatforms) = preSolution
		Debug|Any CPU = Debug|Any CPU
		Release|Any CPU = Release|Any CPU
	EndGlobalSection
	GlobalSection(ProjectConfigurationPlatforms) = postSolution
		{3CCA7D92-8C34-49F5-BE52-3A4A7487CE60}.Debug|Any CPU.ActiveCfg = Debug|Any CPU
		{3CCA7D92-8C34-49F5-BE52-3A4A7487CE60}.Debug|Any CPU.Build.0 = Debug|Any CPU
		{3CCA7D92-8C34-49F5-BE52-3A4A7487CE60}.Release|Any CPU.ActiveCfg = Release|Any CPU
		{3CCA7D92-8C34-49F5-BE52-3A4A7487CE60}.Release|Any CPU.Build.0 = Release|Any CPU
	EndGlobalSection
	GlobalSection(SolutionProperties) = preSolution
		HideSolutionNode = FALSE
	EndGlobalSection
	GlobalSection(ExtensibilityGlobals) = postSolution
		SolutionGuid = {1D2AC4A2-9F12-4ADD-8A8F-9AF55A810019}
	EndGlobalSection
EndGlobal
